
Microsoft Visual Studio Solution File, Format Version 12.00
# Visual Studio 15
VisualStudioVersion = 15.0.34031.82
MinimumVisualStudioVersion = 10.0.40219.1
Project("{8BC9CEB8-8B4A-11D0-8D11-00A0C91BC942}") = "P14", "P14\P14.vcxproj", "{AFE7588E-11C8-457C-ACD7-B013E05ED24F}"
EndProject
Global
	GlobalSection(SolutionConfigurationPlatforms) = preSolution
		Debug|x64 = Debug|x64
		Debug|x86 = Debug|x86
		Release|x64 = Release|x64
		Release|x86 = Release|x86
	EndGlobalSection
	GlobalSection(ProjectConfigurationPlatforms) = postSolution
		{AFE7588E-11C8-457C-ACD7-B013E05ED24F}.Debug|x64.ActiveCfg = Debug|x64
		{AFE7588E-11C8-457C-ACD7-B013E05ED24F}.Debug|x64.Build.0 = Debug|x64
		{AFE7588E-11C8-457C-ACD7-B013E05ED24F}.Debug|x86.ActiveCfg = Debug|Win32
		{AFE7588E-11C8-457C-ACD7-B013E05ED24F}.Debug|x86.Build.0 = Debug|Win32
		{AFE7588E-11C8-457C-ACD7-B013E05ED24F}.Release|x64.ActiveCfg = Release|x64
		{AFE7588E-11C8-457C-ACD7-B013E05ED24F}.Release|x64.Build.0 = Release|x64
		{AFE7588E-11C8-457C-ACD7-B013E05ED24F}.Release|x86.ActiveCfg = Release|Win32
		{AFE7588E-11C8-457C-ACD7-B013E05ED24F}.Release|x86.Build.0 = Release|Win32
	EndGlobalSection
	GlobalSection(SolutionProperties) = preSolution
		HideSolutionNode = FALSE
	EndGlobalSection
	GlobalSection(ExtensibilityGlobals) = postSolution
		SolutionGuid = {1D970601-6D6C-4C35-84C3-769D00FF99A7}
	EndGlobalSection
EndGlobal
