
Microsoft Visual Studio Solution File, Format Version 12.00
# Visual Studio 15
VisualStudioVersion = 15.0.34031.82
MinimumVisualStudioVersion = 10.0.40219.1
Project("{8BC9CEB8-8B4A-11D0-8D11-00A0C91BC942}") = "6.11", "6.11\6.11.vcxproj", "{D7EE5858-3843-4118-AD03-2C1D5920C1AD}"
EndProject
Global
	GlobalSection(SolutionConfigurationPlatforms) = preSolution
		Debug|x64 = Debug|x64
		Debug|x86 = Debug|x86
		Release|x64 = Release|x64
		Release|x86 = Release|x86
	EndGlobalSection
	GlobalSection(ProjectConfigurationPlatforms) = postSolution
		{D7EE5858-3843-4118-AD03-2C1D5920C1AD}.Debug|x64.ActiveCfg = Debug|x64
		{D7EE5858-3843-4118-AD03-2C1D5920C1AD}.Debug|x64.Build.0 = Debug|x64
		{D7EE5858-3843-4118-AD03-2C1D5920C1AD}.Debug|x86.ActiveCfg = Debug|Win32
		{D7EE5858-3843-4118-AD03-2C1D5920C1AD}.Debug|x86.Build.0 = Debug|Win32
		{D7EE5858-3843-4118-AD03-2C1D5920C1AD}.Release|x64.ActiveCfg = Release|x64
		{D7EE5858-3843-4118-AD03-2C1D5920C1AD}.Release|x64.Build.0 = Release|x64
		{D7EE5858-3843-4118-AD03-2C1D5920C1AD}.Release|x86.ActiveCfg = Release|Win32
		{D7EE5858-3843-4118-AD03-2C1D5920C1AD}.Release|x86.Build.0 = Release|Win32
	EndGlobalSection
	GlobalSection(SolutionProperties) = preSolution
		HideSolutionNode = FALSE
	EndGlobalSection
	GlobalSection(ExtensibilityGlobals) = postSolution
		SolutionGuid = {6102F3F3-450E-429F-9F6A-C210C67CF584}
	EndGlobalSection
EndGlobal
